
Microsoft Visual Studio Solution File, Format Version 12.00
# Visual Studio Version 17
VisualStudioVersion = 17.3.32811.315
MinimumVisualStudioVersion = 10.0.40219.1
Project("{FAE04EC0-301F-11D3-BF4B-00C04F79EFBC}") = "321Contact", "321Contact.csproj", "{7DDB54E7-5396-4CEA-9992-DACE66C1769E}"
EndProject
Global
	GlobalSection(SolutionConfigurationPlatforms) = preSolution
		Debug|Any CPU = Debug|Any CPU
		Release|Any CPU = Release|Any CPU
	EndGlobalSection
	GlobalSection(ProjectConfigurationPlatforms) = postSolution
		{7DDB54E7-5396-4CEA-9992-DACE66C1769E}.Debug|Any CPU.ActiveCfg = Debug|Any CPU
		{7DDB54E7-5396-4CEA-9992-DACE66C1769E}.Debug|Any CPU.Build.0 = Debug|Any CPU
		{7DDB54E7-5396-4CEA-9992-DACE66C1769E}.Release|Any CPU.ActiveCfg = Release|Any CPU
		{7DDB54E7-5396-4CEA-9992-DACE66C1769E}.Release|Any CPU.Build.0 = Release|Any CPU
	EndGlobalSection
	GlobalSection(SolutionProperties) = preSolution
		HideSolutionNode = FALSE
	EndGlobalSection
	GlobalSection(ExtensibilityGlobals) = postSolution
		SolutionGuid = {838EBA03-F6A7-49BC-AC81-E33415432FD2}
	EndGlobalSection
EndGlobal
